// !$*UTF8*$!
{
	archiveVersion = 1;
	classes = {
	};
	objectVersion = 50;
	objects = {

/* Begin PBXBuildFile section */
		071B35BC230994F000D97BE5 /* key.swift in Sources */ = {isa = PBXBuildFile; fileRef = 071B35BB230994F000D97BE5 /* key.swift */; };
		0726B2C62306CCF7007A1BA7 /* TwitterKit.framework in Frameworks */ = {isa = PBXBuildFile; fileRef = 07BB69602306BA4A00BCEFEF /* TwitterKit.framework */; };
		0726B2C82306CD06007A1BA7 /* TwitterCore.framework in Frameworks */ = {isa = PBXBuildFile; fileRef = 0726B2C72306CD06007A1BA7 /* TwitterCore.framework */; };
		0726B2C92306D08F007A1BA7 /* APIKit.framework in Frameworks */ = {isa = PBXBuildFile; fileRef = 07B5811823018BA200A3CB37 /* APIKit.framework */; };
		0726B2CC2306D27D007A1BA7 /* Kingfisher.framework in Frameworks */ = {isa = PBXBuildFile; fileRef = 07B5811723018BA200A3CB37 /* Kingfisher.framework */; };
		0726B2CD23071EAE007A1BA7 /* RealmSwift.framework in Frameworks */ = {isa = PBXBuildFile; fileRef = 07BB695E2306BA1E00BCEFEF /* RealmSwift.framework */; };
		0726B2CE23071EBE007A1BA7 /* Realm.framework in Frameworks */ = {isa = PBXBuildFile; fileRef = 07BB69622306BB7C00BCEFEF /* Realm.framework */; };
		072AAD11230AC5E400201E3B /* SpaceCollectionViewCell.swift in Sources */ = {isa = PBXBuildFile; fileRef = 072AAD0F230AC5E400201E3B /* SpaceCollectionViewCell.swift */; };
		072AAD12230AC5E400201E3B /* SpaceCollectionViewCell.xib in Resources */ = {isa = PBXBuildFile; fileRef = 072AAD10230AC5E400201E3B /* SpaceCollectionViewCell.xib */; };
		07694BDC230B85DE003089CB /* DecodableDataParser.swift in Sources */ = {isa = PBXBuildFile; fileRef = 07694BDB230B85DE003089CB /* DecodableDataParser.swift */; };
		07BB695A2306B13400BCEFEF /* API.swift in Sources */ = {isa = PBXBuildFile; fileRef = 07BB69592306B13400BCEFEF /* API.swift */; };
		07FA3DE222FEBE75005F5D54 /* AppDelegate.swift in Sources */ = {isa = PBXBuildFile; fileRef = 07FA3DE122FEBE75005F5D54 /* AppDelegate.swift */; };
		07FA3DE922FEBE76005F5D54 /* Assets.xcassets in Resources */ = {isa = PBXBuildFile; fileRef = 07FA3DE822FEBE76005F5D54 /* Assets.xcassets */; };
		07FA3DEC22FEBE76005F5D54 /* LaunchScreen.storyboard in Resources */ = {isa = PBXBuildFile; fileRef = 07FA3DEA22FEBE76005F5D54 /* LaunchScreen.storyboard */; };
		07FA3DF722FEBE76005F5D54 /* collendsTests.swift in Sources */ = {isa = PBXBuildFile; fileRef = 07FA3DF622FEBE76005F5D54 /* collendsTests.swift */; };
		07FA3E0222FEBE76005F5D54 /* collendsUITests.swift in Sources */ = {isa = PBXBuildFile; fileRef = 07FA3E0122FEBE76005F5D54 /* collendsUITests.swift */; };
		07FA3E1A22FEBFD2005F5D54 /* Auth.storyboard in Resources */ = {isa = PBXBuildFile; fileRef = 07FA3E1922FEBFD2005F5D54 /* Auth.storyboard */; };
		07FA3E1C22FEBFE0005F5D54 /* AuthViewController.swift in Sources */ = {isa = PBXBuildFile; fileRef = 07FA3E1B22FEBFE0005F5D54 /* AuthViewController.swift */; };
		07FA3E1E22FEBFED005F5D54 /* Detail.storyboard in Resources */ = {isa = PBXBuildFile; fileRef = 07FA3E1D22FEBFED005F5D54 /* Detail.storyboard */; };
		07FA3E2022FEBFFA005F5D54 /* DetailViewController.swift in Sources */ = {isa = PBXBuildFile; fileRef = 07FA3E1F22FEBFFA005F5D54 /* DetailViewController.swift */; };
		07FA3E2222FEC009005F5D54 /* Weathers.storyboard in Resources */ = {isa = PBXBuildFile; fileRef = 07FA3E2122FEC009005F5D54 /* Weathers.storyboard */; };
		07FA3E2422FEC018005F5D54 /* WeathersViewController.swift in Sources */ = {isa = PBXBuildFile; fileRef = 07FA3E2322FEC018005F5D54 /* WeathersViewController.swift */; };
		07FA3E2622FEC025005F5D54 /* Home.storyboard in Resources */ = {isa = PBXBuildFile; fileRef = 07FA3E2522FEC025005F5D54 /* Home.storyboard */; };
		07FA3E2822FEC02F005F5D54 /* HomeViewController.swift in Sources */ = {isa = PBXBuildFile; fileRef = 07FA3E2722FEC02F005F5D54 /* HomeViewController.swift */; };
/* End PBXBuildFile section */

/* Begin PBXContainerItemProxy section */
		07FA3DF322FEBE76005F5D54 /* PBXContainerItemProxy */ = {
			isa = PBXContainerItemProxy;
			containerPortal = 07FA3DD622FEBE75005F5D54 /* Project object */;
			proxyType = 1;
			remoteGlobalIDString = 07FA3DDD22FEBE75005F5D54;
			remoteInfo = collends;
		};
		07FA3DFE22FEBE76005F5D54 /* PBXContainerItemProxy */ = {
			isa = PBXContainerItemProxy;
			containerPortal = 07FA3DD622FEBE75005F5D54 /* Project object */;
			proxyType = 1;
			remoteGlobalIDString = 07FA3DDD22FEBE75005F5D54;
			remoteInfo = collends;
		};
/* End PBXContainerItemProxy section */

/* Begin PBXFileReference section */
		071B35BB230994F000D97BE5 /* key.swift */ = {isa = PBXFileReference; lastKnownFileType = sourcecode.swift; path = key.swift; sourceTree = "<group>"; };
		0726B2C72306CD06007A1BA7 /* TwitterCore.framework */ = {isa = PBXFileReference; lastKnownFileType = wrapper.framework; name = TwitterCore.framework; path = Carthage/Build/iOS/TwitterCore.framework; sourceTree = "<group>"; };
		0726B2CA2306D226007A1BA7 /* Kingfisher.framework.dSYM */ = {isa = PBXFileReference; lastKnownFileType = wrapper.dsym; name = Kingfisher.framework.dSYM; path = Carthage/Build/iOS/Kingfisher.framework.dSYM; sourceTree = "<group>"; };
		072AAD0F230AC5E400201E3B /* SpaceCollectionViewCell.swift */ = {isa = PBXFileReference; lastKnownFileType = sourcecode.swift; path = SpaceCollectionViewCell.swift; sourceTree = "<group>"; };
		072AAD10230AC5E400201E3B /* SpaceCollectionViewCell.xib */ = {isa = PBXFileReference; lastKnownFileType = file.xib; path = SpaceCollectionViewCell.xib; sourceTree = "<group>"; };
		07694BDB230B85DE003089CB /* DecodableDataParser.swift */ = {isa = PBXFileReference; lastKnownFileType = sourcecode.swift; path = DecodableDataParser.swift; sourceTree = "<group>"; };
		07B5811723018BA200A3CB37 /* Kingfisher.framework */ = {isa = PBXFileReference; lastKnownFileType = wrapper.framework; name = Kingfisher.framework; path = Carthage/Build/iOS/Kingfisher.framework; sourceTree = "<group>"; };
		07B5811823018BA200A3CB37 /* APIKit.framework */ = {isa = PBXFileReference; lastKnownFileType = wrapper.framework; name = APIKit.framework; path = Carthage/Build/iOS/APIKit.framework; sourceTree = "<group>"; };
		07BB69592306B13400BCEFEF /* API.swift */ = {isa = PBXFileReference; lastKnownFileType = sourcecode.swift; path = API.swift; sourceTree = "<group>"; };
		07BB695E2306BA1E00BCEFEF /* RealmSwift.framework */ = {isa = PBXFileReference; lastKnownFileType = wrapper.framework; name = RealmSwift.framework; path = Carthage/Build/iOS/RealmSwift.framework; sourceTree = "<group>"; };
		07BB69602306BA4A00BCEFEF /* TwitterKit.framework */ = {isa = PBXFileReference; lastKnownFileType = wrapper.framework; name = TwitterKit.framework; path = Carthage/Build/iOS/TwitterKit.framework; sourceTree = "<group>"; };
		07BB69622306BB7C00BCEFEF /* Realm.framework */ = {isa = PBXFileReference; lastKnownFileType = wrapper.framework; name = Realm.framework; path = Carthage/Build/iOS/Realm.framework; sourceTree = "<group>"; };
		07FA3DDE22FEBE75005F5D54 /* collends.app */ = {isa = PBXFileReference; explicitFileType = wrapper.application; includeInIndex = 0; path = collends.app; sourceTree = BUILT_PRODUCTS_DIR; };
		07FA3DE122FEBE75005F5D54 /* AppDelegate.swift */ = {isa = PBXFileReference; lastKnownFileType = sourcecode.swift; path = AppDelegate.swift; sourceTree = "<group>"; };
		07FA3DE822FEBE76005F5D54 /* Assets.xcassets */ = {isa = PBXFileReference; lastKnownFileType = folder.assetcatalog; path = Assets.xcassets; sourceTree = "<group>"; };
		07FA3DEB22FEBE76005F5D54 /* Base */ = {isa = PBXFileReference; lastKnownFileType = file.storyboard; name = Base; path = Base.lproj/LaunchScreen.storyboard; sourceTree = "<group>"; };
		07FA3DED22FEBE76005F5D54 /* Info.plist */ = {isa = PBXFileReference; lastKnownFileType = text.plist.xml; path = Info.plist; sourceTree = "<group>"; };
		07FA3DF222FEBE76005F5D54 /* collendsTests.xctest */ = {isa = PBXFileReference; explicitFileType = wrapper.cfbundle; includeInIndex = 0; path = collendsTests.xctest; sourceTree = BUILT_PRODUCTS_DIR; };
		07FA3DF622FEBE76005F5D54 /* collendsTests.swift */ = {isa = PBXFileReference; lastKnownFileType = sourcecode.swift; path = collendsTests.swift; sourceTree = "<group>"; };
		07FA3DF822FEBE76005F5D54 /* Info.plist */ = {isa = PBXFileReference; lastKnownFileType = text.plist.xml; path = Info.plist; sourceTree = "<group>"; };
		07FA3DFD22FEBE76005F5D54 /* collendsUITests.xctest */ = {isa = PBXFileReference; explicitFileType = wrapper.cfbundle; includeInIndex = 0; path = collendsUITests.xctest; sourceTree = BUILT_PRODUCTS_DIR; };
		07FA3E0122FEBE76005F5D54 /* collendsUITests.swift */ = {isa = PBXFileReference; lastKnownFileType = sourcecode.swift; path = collendsUITests.swift; sourceTree = "<group>"; };
		07FA3E0322FEBE76005F5D54 /* Info.plist */ = {isa = PBXFileReference; lastKnownFileType = text.plist.xml; path = Info.plist; sourceTree = "<group>"; };
		07FA3E1922FEBFD2005F5D54 /* Auth.storyboard */ = {isa = PBXFileReference; lastKnownFileType = file.storyboard; path = Auth.storyboard; sourceTree = "<group>"; };
		07FA3E1B22FEBFE0005F5D54 /* AuthViewController.swift */ = {isa = PBXFileReference; lastKnownFileType = sourcecode.swift; path = AuthViewController.swift; sourceTree = "<group>"; };
		07FA3E1D22FEBFED005F5D54 /* Detail.storyboard */ = {isa = PBXFileReference; lastKnownFileType = file.storyboard; path = Detail.storyboard; sourceTree = "<group>"; };
		07FA3E1F22FEBFFA005F5D54 /* DetailViewController.swift */ = {isa = PBXFileReference; lastKnownFileType = sourcecode.swift; path = DetailViewController.swift; sourceTree = "<group>"; };
		07FA3E2122FEC009005F5D54 /* Weathers.storyboard */ = {isa = PBXFileReference; lastKnownFileType = file.storyboard; path = Weathers.storyboard; sourceTree = "<group>"; };
		07FA3E2322FEC018005F5D54 /* WeathersViewController.swift */ = {isa = PBXFileReference; lastKnownFileType = sourcecode.swift; path = WeathersViewController.swift; sourceTree = "<group>"; };
		07FA3E2522FEC025005F5D54 /* Home.storyboard */ = {isa = PBXFileReference; lastKnownFileType = file.storyboard; path = Home.storyboard; sourceTree = "<group>"; };
		07FA3E2722FEC02F005F5D54 /* HomeViewController.swift */ = {isa = PBXFileReference; lastKnownFileType = sourcecode.swift; path = HomeViewController.swift; sourceTree = "<group>"; };
/* End PBXFileReference section */

/* Begin PBXFrameworksBuildPhase section */
		07FA3DDB22FEBE75005F5D54 /* Frameworks */ = {
			isa = PBXFrameworksBuildPhase;
			buildActionMask = 2147483647;
			files = (
				0726B2CE23071EBE007A1BA7 /* Realm.framework in Frameworks */,
				0726B2CD23071EAE007A1BA7 /* RealmSwift.framework in Frameworks */,
				0726B2CC2306D27D007A1BA7 /* Kingfisher.framework in Frameworks */,
				0726B2C92306D08F007A1BA7 /* APIKit.framework in Frameworks */,
				0726B2C82306CD06007A1BA7 /* TwitterCore.framework in Frameworks */,
				0726B2C62306CCF7007A1BA7 /* TwitterKit.framework in Frameworks */,
			);
			runOnlyForDeploymentPostprocessing = 0;
		};
		07FA3DEF22FEBE76005F5D54 /* Frameworks */ = {
			isa = PBXFrameworksBuildPhase;
			buildActionMask = 2147483647;
			files = (
			);
			runOnlyForDeploymentPostprocessing = 0;
		};
		07FA3DFA22FEBE76005F5D54 /* Frameworks */ = {
			isa = PBXFrameworksBuildPhase;
			buildActionMask = 2147483647;
			files = (
			);
			runOnlyForDeploymentPostprocessing = 0;
		};
/* End PBXFrameworksBuildPhase section */

/* Begin PBXGroup section */
		072AAD0E230AC5B700201E3B /* SpaceCell */ = {
			isa = PBXGroup;
			children = (
				072AAD0F230AC5E400201E3B /* SpaceCollectionViewCell.swift */,
				072AAD10230AC5E400201E3B /* SpaceCollectionViewCell.xib */,
			);
			path = SpaceCell;
			sourceTree = "<group>";
		};
		07B5811623018BA100A3CB37 /* Frameworks */ = {
			isa = PBXGroup;
			children = (
				0726B2CA2306D226007A1BA7 /* Kingfisher.framework.dSYM */,
				0726B2C72306CD06007A1BA7 /* TwitterCore.framework */,
				07BB69622306BB7C00BCEFEF /* Realm.framework */,
				07BB69602306BA4A00BCEFEF /* TwitterKit.framework */,
				07BB695E2306BA1E00BCEFEF /* RealmSwift.framework */,
				07B5811823018BA200A3CB37 /* APIKit.framework */,
				07B5811723018BA200A3CB37 /* Kingfisher.framework */,
			);
			name = Frameworks;
			sourceTree = "<group>";
		};
		07BB695B2306B2E900BCEFEF /* Resources */ = {
			isa = PBXGroup;
			children = (
			);
			path = Resources;
			sourceTree = "<group>";
		};
		07FA3DD522FEBE75005F5D54 = {
			isa = PBXGroup;
			children = (
				07FA3DE022FEBE75005F5D54 /* collends */,
				07FA3DF522FEBE76005F5D54 /* collendsTests */,
				07FA3E0022FEBE76005F5D54 /* collendsUITests */,
				07FA3DDF22FEBE75005F5D54 /* Products */,
				07B5811623018BA100A3CB37 /* Frameworks */,
			);
			sourceTree = "<group>";
		};
		07FA3DDF22FEBE75005F5D54 /* Products */ = {
			isa = PBXGroup;
			children = (
				07FA3DDE22FEBE75005F5D54 /* collends.app */,
				07FA3DF222FEBE76005F5D54 /* collendsTests.xctest */,
				07FA3DFD22FEBE76005F5D54 /* collendsUITests.xctest */,
			);
			name = Products;
			sourceTree = "<group>";
		};
		07FA3DE022FEBE75005F5D54 /* collends */ = {
			isa = PBXGroup;
			children = (
				07BB695B2306B2E900BCEFEF /* Resources */,
				07FA3E1322FEBF17005F5D54 /* Extentions */,
				07FA3E1222FEBF0B005F5D54 /* API */,
				07FA3E1122FEBEEF005F5D54 /* Scenes */,
				07FA3E1022FEBEE7005F5D54 /* Models */,
				07FA3E0F22FEBECC005F5D54 /* Application */,
				07FA3DE822FEBE76005F5D54 /* Assets.xcassets */,
				07FA3DED22FEBE76005F5D54 /* Info.plist */,
				071B35BB230994F000D97BE5 /* key.swift */,
			);
			path = collends;
			sourceTree = "<group>";
		};
		07FA3DF522FEBE76005F5D54 /* collendsTests */ = {
			isa = PBXGroup;
			children = (
				07FA3DF622FEBE76005F5D54 /* collendsTests.swift */,
				07FA3DF822FEBE76005F5D54 /* Info.plist */,
			);
			path = collendsTests;
			sourceTree = "<group>";
		};
		07FA3E0022FEBE76005F5D54 /* collendsUITests */ = {
			isa = PBXGroup;
			children = (
				07FA3E0122FEBE76005F5D54 /* collendsUITests.swift */,
				07FA3E0322FEBE76005F5D54 /* Info.plist */,
			);
			path = collendsUITests;
			sourceTree = "<group>";
		};
		07FA3E0F22FEBECC005F5D54 /* Application */ = {
			isa = PBXGroup;
			children = (
				07FA3DE122FEBE75005F5D54 /* AppDelegate.swift */,
			);
			path = Application;
			sourceTree = "<group>";
		};
		07FA3E1022FEBEE7005F5D54 /* Models */ = {
			isa = PBXGroup;
			children = (
			);
			path = Models;
			sourceTree = "<group>";
		};
		07FA3E1122FEBEEF005F5D54 /* Scenes */ = {
			isa = PBXGroup;
			children = (
				07FA3E1822FEBFB2005F5D54 /* Auth */,
				07FA3E1722FEBF90005F5D54 /* Detail */,
				07FA3E1622FEBF5C005F5D54 /* Weathers */,
				07FA3E1522FEBF55005F5D54 /* Home */,
				07FA3E1422FEBF45005F5D54 /* Launch */,
			);
			path = Scenes;
			sourceTree = "<group>";
		};
		07FA3E1222FEBF0B005F5D54 /* API */ = {
			isa = PBXGroup;
			children = (
				07BB69592306B13400BCEFEF /* API.swift */,
			);
			path = API;
			sourceTree = "<group>";
		};
		07FA3E1322FEBF17005F5D54 /* Extentions */ = {
			isa = PBXGroup;
			children = (
				07694BDB230B85DE003089CB /* DecodableDataParser.swift */,
			);
			path = Extentions;
			sourceTree = "<group>";
		};
		07FA3E1422FEBF45005F5D54 /* Launch */ = {
			isa = PBXGroup;
			children = (
				07FA3DEA22FEBE76005F5D54 /* LaunchScreen.storyboard */,
			);
			path = Launch;
			sourceTree = "<group>";
		};
		07FA3E1522FEBF55005F5D54 /* Home */ = {
			isa = PBXGroup;
			children = (
				072AAD0E230AC5B700201E3B /* SpaceCell */,
				07FA3E2522FEC025005F5D54 /* Home.storyboard */,
				07FA3E2722FEC02F005F5D54 /* HomeViewController.swift */,
			);
			path = Home;
			sourceTree = "<group>";
		};
		07FA3E1622FEBF5C005F5D54 /* Weathers */ = {
			isa = PBXGroup;
			children = (
				07FA3E2122FEC009005F5D54 /* Weathers.storyboard */,
				07FA3E2322FEC018005F5D54 /* WeathersViewController.swift */,
			);
			path = Weathers;
			sourceTree = "<group>";
		};
		07FA3E1722FEBF90005F5D54 /* Detail */ = {
			isa = PBXGroup;
			children = (
				07FA3E1D22FEBFED005F5D54 /* Detail.storyboard */,
				07FA3E1F22FEBFFA005F5D54 /* DetailViewController.swift */,
			);
			path = Detail;
			sourceTree = "<group>";
		};
		07FA3E1822FEBFB2005F5D54 /* Auth */ = {
			isa = PBXGroup;
			children = (
				07FA3E1922FEBFD2005F5D54 /* Auth.storyboard */,
				07FA3E1B22FEBFE0005F5D54 /* AuthViewController.swift */,
			);
			path = Auth;
			sourceTree = "<group>";
		};
/* End PBXGroup section */

/* Begin PBXNativeTarget section */
		07FA3DDD22FEBE75005F5D54 /* collends */ = {
			isa = PBXNativeTarget;
			buildConfigurationList = 07FA3E0622FEBE76005F5D54 /* Build configuration list for PBXNativeTarget "collends" */;
			buildPhases = (
				07FA3DDA22FEBE75005F5D54 /* Sources */,
				07FA3DDB22FEBE75005F5D54 /* Frameworks */,
				07FA3DDC22FEBE75005F5D54 /* Resources */,
				07B5811B23018BB100A3CB37 /* ShellScript */,
			);
			buildRules = (
			);
			dependencies = (
			);
			name = collends;
			productName = collends;
			productReference = 07FA3DDE22FEBE75005F5D54 /* collends.app */;
			productType = "com.apple.product-type.application";
		};
		07FA3DF122FEBE76005F5D54 /* collendsTests */ = {
			isa = PBXNativeTarget;
			buildConfigurationList = 07FA3E0922FEBE76005F5D54 /* Build configuration list for PBXNativeTarget "collendsTests" */;
			buildPhases = (
				07FA3DEE22FEBE76005F5D54 /* Sources */,
				07FA3DEF22FEBE76005F5D54 /* Frameworks */,
				07FA3DF022FEBE76005F5D54 /* Resources */,
			);
			buildRules = (
			);
			dependencies = (
				07FA3DF422FEBE76005F5D54 /* PBXTargetDependency */,
			);
			name = collendsTests;
			productName = collendsTests;
			productReference = 07FA3DF222FEBE76005F5D54 /* collendsTests.xctest */;
			productType = "com.apple.product-type.bundle.unit-test";
		};
		07FA3DFC22FEBE76005F5D54 /* collendsUITests */ = {
			isa = PBXNativeTarget;
			buildConfigurationList = 07FA3E0C22FEBE76005F5D54 /* Build configuration list for PBXNativeTarget "collendsUITests" */;
			buildPhases = (
				07FA3DF922FEBE76005F5D54 /* Sources */,
				07FA3DFA22FEBE76005F5D54 /* Frameworks */,
				07FA3DFB22FEBE76005F5D54 /* Resources */,
			);
			buildRules = (
			);
			dependencies = (
				07FA3DFF22FEBE76005F5D54 /* PBXTargetDependency */,
			);
			name = collendsUITests;
			productName = collendsUITests;
			productReference = 07FA3DFD22FEBE76005F5D54 /* collendsUITests.xctest */;
			productType = "com.apple.product-type.bundle.ui-testing";
		};
/* End PBXNativeTarget section */

/* Begin PBXProject section */
		07FA3DD622FEBE75005F5D54 /* Project object */ = {
			isa = PBXProject;
			attributes = {
				LastSwiftUpdateCheck = 1020;
				LastUpgradeCheck = 1020;
				ORGANIZATIONNAME = ymgn;
				TargetAttributes = {
					07FA3DDD22FEBE75005F5D54 = {
						CreatedOnToolsVersion = 10.2;
					};
					07FA3DF122FEBE76005F5D54 = {
						CreatedOnToolsVersion = 10.2;
						TestTargetID = 07FA3DDD22FEBE75005F5D54;
					};
					07FA3DFC22FEBE76005F5D54 = {
						CreatedOnToolsVersion = 10.2;
						TestTargetID = 07FA3DDD22FEBE75005F5D54;
					};
				};
			};
			buildConfigurationList = 07FA3DD922FEBE75005F5D54 /* Build configuration list for PBXProject "collends" */;
			compatibilityVersion = "Xcode 9.3";
			developmentRegion = en;
			hasScannedForEncodings = 0;
			knownRegions = (
				en,
				Base,
			);
			mainGroup = 07FA3DD522FEBE75005F5D54;
			productRefGroup = 07FA3DDF22FEBE75005F5D54 /* Products */;
			projectDirPath = "";
			projectRoot = "";
			targets = (
				07FA3DDD22FEBE75005F5D54 /* collends */,
				07FA3DF122FEBE76005F5D54 /* collendsTests */,
				07FA3DFC22FEBE76005F5D54 /* collendsUITests */,
			);
		};
/* End PBXProject section */

/* Begin PBXResourcesBuildPhase section */
		07FA3DDC22FEBE75005F5D54 /* Resources */ = {
			isa = PBXResourcesBuildPhase;
			buildActionMask = 2147483647;
			files = (
				07FA3E1A22FEBFD2005F5D54 /* Auth.storyboard in Resources */,
				07FA3E2222FEC009005F5D54 /* Weathers.storyboard in Resources */,
				07FA3DEC22FEBE76005F5D54 /* LaunchScreen.storyboard in Resources */,
				07FA3E2622FEC025005F5D54 /* Home.storyboard in Resources */,
				072AAD12230AC5E400201E3B /* SpaceCollectionViewCell.xib in Resources */,
				07FA3DE922FEBE76005F5D54 /* Assets.xcassets in Resources */,
				07FA3E1E22FEBFED005F5D54 /* Detail.storyboard in Resources */,
			);
			runOnlyForDeploymentPostprocessing = 0;
		};
		07FA3DF022FEBE76005F5D54 /* Resources */ = {
			isa = PBXResourcesBuildPhase;
			buildActionMask = 2147483647;
			files = (
			);
			runOnlyForDeploymentPostprocessing = 0;
		};
		07FA3DFB22FEBE76005F5D54 /* Resources */ = {
			isa = PBXResourcesBuildPhase;
			buildActionMask = 2147483647;
			files = (
			);
			runOnlyForDeploymentPostprocessing = 0;
		};
/* End PBXResourcesBuildPhase section */

/* Begin PBXShellScriptBuildPhase section */
		07B5811B23018BB100A3CB37 /* ShellScript */ = {
			isa = PBXShellScriptBuildPhase;
			buildActionMask = 2147483647;
			files = (
			);
			inputFileListPaths = (
			);
			inputPaths = (
				"$(SRCROOT)/Carthage/Build/iOS/TwitterKit.framework",
				"$(SRCROOT)/Carthage/Build/iOS/TwitterCore.framework",
				"$(SRCROOT)/Carthage/Build/iOS/APIKit.framework",
				"$(SRCROOT)/Carthage/Build/iOS/Kingfisher.framework",
				"$(SRCROOT)/Carthage/Build/iOS/Realm.framework",
				"$(SRCROOT)/Carthage/Build/iOS/RealmSwift.framework",
			);
			outputFileListPaths = (
			);
			outputPaths = (
			);
			runOnlyForDeploymentPostprocessing = 0;
			shellPath = /bin/sh;
			shellScript = "/usr/local/bin/carthage copy-frameworks\n";
		};
/* End PBXShellScriptBuildPhase section */

/* Begin PBXSourcesBuildPhase section */
		07FA3DDA22FEBE75005F5D54 /* Sources */ = {
			isa = PBXSourcesBuildPhase;
			buildActionMask = 2147483647;
			files = (
				07FA3E2822FEC02F005F5D54 /* HomeViewController.swift in Sources */,
				07FA3E2422FEC018005F5D54 /* WeathersViewController.swift in Sources */,
				07FA3E2022FEBFFA005F5D54 /* DetailViewController.swift in Sources */,
				07FA3E1C22FEBFE0005F5D54 /* AuthViewController.swift in Sources */,
				071B35BC230994F000D97BE5 /* key.swift in Sources */,
				07694BDC230B85DE003089CB /* DecodableDataParser.swift in Sources */,
				072AAD11230AC5E400201E3B /* SpaceCollectionViewCell.swift in Sources */,
				07BB695A2306B13400BCEFEF /* API.swift in Sources */,
				07FA3DE222FEBE75005F5D54 /* AppDelegate.swift in Sources */,
			);
			runOnlyForDeploymentPostprocessing = 0;
		};
		07FA3DEE22FEBE76005F5D54 /* Sources */ = {
			isa = PBXSourcesBuildPhase;
			buildActionMask = 2147483647;
			files = (
				07FA3DF722FEBE76005F5D54 /* collendsTests.swift in Sources */,
			);
			runOnlyForDeploymentPostprocessing = 0;
		};
		07FA3DF922FEBE76005F5D54 /* Sources */ = {
			isa = PBXSourcesBuildPhase;
			buildActionMask = 2147483647;
			files = (
				07FA3E0222FEBE76005F5D54 /* collendsUITests.swift in Sources */,
			);
			runOnlyForDeploymentPostprocessing = 0;
		};
/* End PBXSourcesBuildPhase section */

/* Begin PBXTargetDependency section */
		07FA3DF422FEBE76005F5D54 /* PBXTargetDependency */ = {
			isa = PBXTargetDependency;
			target = 07FA3DDD22FEBE75005F5D54 /* collends */;
			targetProxy = 07FA3DF322FEBE76005F5D54 /* PBXContainerItemProxy */;
		};
		07FA3DFF22FEBE76005F5D54 /* PBXTargetDependency */ = {
			isa = PBXTargetDependency;
			target = 07FA3DDD22FEBE75005F5D54 /* collends */;
			targetProxy = 07FA3DFE22FEBE76005F5D54 /* PBXContainerItemProxy */;
		};
/* End PBXTargetDependency section */

/* Begin PBXVariantGroup section */
		07FA3DEA22FEBE76005F5D54 /* LaunchScreen.storyboard */ = {
			isa = PBXVariantGroup;
			children = (
				07FA3DEB22FEBE76005F5D54 /* Base */,
			);
			name = LaunchScreen.storyboard;
			sourceTree = "<group>";
		};
/* End PBXVariantGroup section */

/* Begin XCBuildConfiguration section */
		07FA3E0422FEBE76005F5D54 /* Debug */ = {
			isa = XCBuildConfiguration;
			buildSettings = {
				ALWAYS_SEARCH_USER_PATHS = NO;
				CLANG_ANALYZER_NONNULL = YES;
				CLANG_ANALYZER_NUMBER_OBJECT_CONVERSION = YES_AGGRESSIVE;
				CLANG_CXX_LANGUAGE_STANDARD = "gnu++14";
				CLANG_CXX_LIBRARY = "libc++";
				CLANG_ENABLE_MODULES = YES;
				CLANG_ENABLE_OBJC_ARC = YES;
				CLANG_ENABLE_OBJC_WEAK = YES;
				CLANG_WARN_BLOCK_CAPTURE_AUTORELEASING = YES;
				CLANG_WARN_BOOL_CONVERSION = YES;
				CLANG_WARN_COMMA = YES;
				CLANG_WARN_CONSTANT_CONVERSION = YES;
				CLANG_WARN_DEPRECATED_OBJC_IMPLEMENTATIONS = YES;
				CLANG_WARN_DIRECT_OBJC_ISA_USAGE = YES_ERROR;
				CLANG_WARN_DOCUMENTATION_COMMENTS = YES;
				CLANG_WARN_EMPTY_BODY = YES;
				CLANG_WARN_ENUM_CONVERSION = YES;
				CLANG_WARN_INFINITE_RECURSION = YES;
				CLANG_WARN_INT_CONVERSION = YES;
				CLANG_WARN_NON_LITERAL_NULL_CONVERSION = YES;
				CLANG_WARN_OBJC_IMPLICIT_RETAIN_SELF = YES;
				CLANG_WARN_OBJC_LITERAL_CONVERSION = YES;
				CLANG_WARN_OBJC_ROOT_CLASS = YES_ERROR;
				CLANG_WARN_RANGE_LOOP_ANALYSIS = YES;
				CLANG_WARN_STRICT_PROTOTYPES = YES;
				CLANG_WARN_SUSPICIOUS_MOVE = YES;
				CLANG_WARN_UNGUARDED_AVAILABILITY = YES_AGGRESSIVE;
				CLANG_WARN_UNREACHABLE_CODE = YES;
				CLANG_WARN__DUPLICATE_METHOD_MATCH = YES;
				CODE_SIGN_IDENTITY = "iPhone Developer";
				COPY_PHASE_STRIP = NO;
				DEBUG_INFORMATION_FORMAT = dwarf;
				ENABLE_STRICT_OBJC_MSGSEND = YES;
				ENABLE_TESTABILITY = YES;
				GCC_C_LANGUAGE_STANDARD = gnu11;
				GCC_DYNAMIC_NO_PIC = NO;
				GCC_NO_COMMON_BLOCKS = YES;
				GCC_OPTIMIZATION_LEVEL = 0;
				GCC_PREPROCESSOR_DEFINITIONS = (
					"DEBUG=1",
					"$(inherited)",
				);
				GCC_WARN_64_TO_32_BIT_CONVERSION = YES;
				GCC_WARN_ABOUT_RETURN_TYPE = YES_ERROR;
				GCC_WARN_UNDECLARED_SELECTOR = YES;
				GCC_WARN_UNINITIALIZED_AUTOS = YES_AGGRESSIVE;
				GCC_WARN_UNUSED_FUNCTION = YES;
				GCC_WARN_UNUSED_VARIABLE = YES;
				IPHONEOS_DEPLOYMENT_TARGET = 12.2;
				MTL_ENABLE_DEBUG_INFO = INCLUDE_SOURCE;
				MTL_FAST_MATH = YES;
				ONLY_ACTIVE_ARCH = YES;
				SDKROOT = iphoneos;
				SWIFT_ACTIVE_COMPILATION_CONDITIONS = DEBUG;
				SWIFT_OPTIMIZATION_LEVEL = "-Onone";
			};
			name = Debug;
		};
		07FA3E0522FEBE76005F5D54 /* Release */ = {
			isa = XCBuildConfiguration;
			buildSettings = {
				ALWAYS_SEARCH_USER_PATHS = NO;
				CLANG_ANALYZER_NONNULL = YES;
				CLANG_ANALYZER_NUMBER_OBJECT_CONVERSION = YES_AGGRESSIVE;
				CLANG_CXX_LANGUAGE_STANDARD = "gnu++14";
				CLANG_CXX_LIBRARY = "libc++";
				CLANG_ENABLE_MODULES = YES;
				CLANG_ENABLE_OBJC_ARC = YES;
				CLANG_ENABLE_OBJC_WEAK = YES;
				CLANG_WARN_BLOCK_CAPTURE_AUTORELEASING = YES;
				CLANG_WARN_BOOL_CONVERSION = YES;
				CLANG_WARN_COMMA = YES;
				CLANG_WARN_CONSTANT_CONVERSION = YES;
				CLANG_WARN_DEPRECATED_OBJC_IMPLEMENTATIONS = YES;
				CLANG_WARN_DIRECT_OBJC_ISA_USAGE = YES_ERROR;
				CLANG_WARN_DOCUMENTATION_COMMENTS = YES;
				CLANG_WARN_EMPTY_BODY = YES;
				CLANG_WARN_ENUM_CONVERSION = YES;
				CLANG_WARN_INFINITE_RECURSION = YES;
				CLANG_WARN_INT_CONVERSION = YES;
				CLANG_WARN_NON_LITERAL_NULL_CONVERSION = YES;
				CLANG_WARN_OBJC_IMPLICIT_RETAIN_SELF = YES;
				CLANG_WARN_OBJC_LITERAL_CONVERSION = YES;
				CLANG_WARN_OBJC_ROOT_CLASS = YES_ERROR;
				CLANG_WARN_RANGE_LOOP_ANALYSIS = YES;
				CLANG_WARN_STRICT_PROTOTYPES = YES;
				CLANG_WARN_SUSPICIOUS_MOVE = YES;
				CLANG_WARN_UNGUARDED_AVAILABILITY = YES_AGGRESSIVE;
				CLANG_WARN_UNREACHABLE_CODE = YES;
				CLANG_WARN__DUPLICATE_METHOD_MATCH = YES;
				CODE_SIGN_IDENTITY = "iPhone Developer";
				COPY_PHASE_STRIP = NO;
				DEBUG_INFORMATION_FORMAT = "dwarf-with-dsym";
				ENABLE_NS_ASSERTIONS = NO;
				ENABLE_STRICT_OBJC_MSGSEND = YES;
				GCC_C_LANGUAGE_STANDARD = gnu11;
				GCC_NO_COMMON_BLOCKS = YES;
				GCC_WARN_64_TO_32_BIT_CONVERSION = YES;
				GCC_WARN_ABOUT_RETURN_TYPE = YES_ERROR;
				GCC_WARN_UNDECLARED_SELECTOR = YES;
				GCC_WARN_UNINITIALIZED_AUTOS = YES_AGGRESSIVE;
				GCC_WARN_UNUSED_FUNCTION = YES;
				GCC_WARN_UNUSED_VARIABLE = YES;
				IPHONEOS_DEPLOYMENT_TARGET = 12.2;
				MTL_ENABLE_DEBUG_INFO = NO;
				MTL_FAST_MATH = YES;
				SDKROOT = iphoneos;
				SWIFT_COMPILATION_MODE = wholemodule;
				SWIFT_OPTIMIZATION_LEVEL = "-O";
				VALIDATE_PRODUCT = YES;
			};
			name = Release;
		};
		07FA3E0722FEBE76005F5D54 /* Debug */ = {
			isa = XCBuildConfiguration;
			buildSettings = {
				ASSETCATALOG_COMPILER_APPICON_NAME = AppIcon;
				CODE_SIGN_STYLE = Automatic;
				DEVELOPMENT_TEAM = Z23YQJ49WW;
				FRAMEWORK_SEARCH_PATHS = (
					"$(inherited)",
					"$(PROJECT_DIR)/Carthage/Build/iOS",
				);
				INFOPLIST_FILE = collends/Info.plist;
				LD_RUNPATH_SEARCH_PATHS = (
					"$(inherited)",
					"@executable_path/Frameworks",
				);
				PRODUCT_BUNDLE_IDENTIFIER = ymgn.collends;
				PRODUCT_NAME = "$(TARGET_NAME)";
				SWIFT_VERSION = 5.0;
				TARGETED_DEVICE_FAMILY = "1,2";
			};
			name = Debug;
		};
		07FA3E0822FEBE76005F5D54 /* Release */ = {
			isa = XCBuildConfiguration;
			buildSettings = {
				ASSETCATALOG_COMPILER_APPICON_NAME = AppIcon;
				CODE_SIGN_STYLE = Automatic;
				DEVELOPMENT_TEAM = Z23YQJ49WW;
				FRAMEWORK_SEARCH_PATHS = (
					"$(inherited)",
					"$(PROJECT_DIR)/Carthage/Build/iOS",
				);
				INFOPLIST_FILE = collends/Info.plist;
				LD_RUNPATH_SEARCH_PATHS = (
					"$(inherited)",
					"@executable_path/Frameworks",
				);
				PRODUCT_BUNDLE_IDENTIFIER = ymgn.collends;
				PRODUCT_NAME = "$(TARGET_NAME)";
				SWIFT_VERSION = 5.0;
				TARGETED_DEVICE_FAMILY = "1,2";
			};
			name = Release;
		};
		07FA3E0A22FEBE76005F5D54 /* Debug */ = {
			isa = XCBuildConfiguration;
			buildSettings = {
				ALWAYS_EMBED_SWIFT_STANDARD_LIBRARIES = YES;
				BUNDLE_LOADER = "$(TEST_HOST)";
				CODE_SIGN_STYLE = Automatic;
				DEVELOPMENT_TEAM = Z23YQJ49WW;
				INFOPLIST_FILE = collendsTests/Info.plist;
				LD_RUNPATH_SEARCH_PATHS = (
					"$(inherited)",
					"@executable_path/Frameworks",
					"@loader_path/Frameworks",
				);
				PRODUCT_BUNDLE_IDENTIFIER = ymgn.collendsTests;
				PRODUCT_NAME = "$(TARGET_NAME)";
				SWIFT_VERSION = 5.0;
				TARGETED_DEVICE_FAMILY = "1,2";
				TEST_HOST = "$(BUILT_PRODUCTS_DIR)/collends.app/collends";
			};
			name = Debug;
		};
		07FA3E0B22FEBE76005F5D54 /* Release */ = {
			isa = XCBuildConfiguration;
			buildSettings = {
				ALWAYS_EMBED_SWIFT_STANDARD_LIBRARIES = YES;
				BUNDLE_LOADER = "$(TEST_HOST)";
				CODE_SIGN_STYLE = Automatic;
				DEVELOPMENT_TEAM = Z23YQJ49WW;
				INFOPLIST_FILE = collendsTests/Info.plist;
				LD_RUNPATH_SEARCH_PATHS = (
					"$(inherited)",
					"@executable_path/Frameworks",
					"@loader_path/Frameworks",
				);
				PRODUCT_BUNDLE_IDENTIFIER = ymgn.collendsTests;
				PRODUCT_NAME = "$(TARGET_NAME)";
				SWIFT_VERSION = 5.0;
				TARGETED_DEVICE_FAMILY = "1,2";
				TEST_HOST = "$(BUILT_PRODUCTS_DIR)/collends.app/collends";
			};
			name = Release;
		};
		07FA3E0D22FEBE76005F5D54 /* Debug */ = {
			isa = XCBuildConfiguration;
			buildSettings = {
				ALWAYS_EMBED_SWIFT_STANDARD_LIBRARIES = YES;
				CODE_SIGN_STYLE = Automatic;
				DEVELOPMENT_TEAM = Z23YQJ49WW;
				INFOPLIST_FILE = collendsUITests/Info.plist;
				LD_RUNPATH_SEARCH_PATHS = (
					"$(inherited)",
					"@executable_path/Frameworks",
					"@loader_path/Frameworks",
				);
				PRODUCT_BUNDLE_IDENTIFIER = ymgn.collendsUITests;
				PRODUCT_NAME = "$(TARGET_NAME)";
				SWIFT_VERSION = 5.0;
				TARGETED_DEVICE_FAMILY = "1,2";
				TEST_TARGET_NAME = collends;
			};
			name = Debug;
		};
		07FA3E0E22FEBE76005F5D54 /* Release */ = {
			isa = XCBuildConfiguration;
			buildSettings = {
				ALWAYS_EMBED_SWIFT_STANDARD_LIBRARIES = YES;
				CODE_SIGN_STYLE = Automatic;
				DEVELOPMENT_TEAM = Z23YQJ49WW;
				INFOPLIST_FILE = collendsUITests/Info.plist;
				LD_RUNPATH_SEARCH_PATHS = (
					"$(inherited)",
					"@executable_path/Frameworks",
					"@loader_path/Frameworks",
				);
				PRODUCT_BUNDLE_IDENTIFIER = ymgn.collendsUITests;
				PRODUCT_NAME = "$(TARGET_NAME)";
				SWIFT_VERSION = 5.0;
				TARGETED_DEVICE_FAMILY = "1,2";
				TEST_TARGET_NAME = collends;
			};
			name = Release;
		};
/* End XCBuildConfiguration section */

/* Begin XCConfigurationList section */
		07FA3DD922FEBE75005F5D54 /* Build configuration list for PBXProject "collends" */ = {
			isa = XCConfigurationList;
			buildConfigurations = (
				07FA3E0422FEBE76005F5D54 /* Debug */,
				07FA3E0522FEBE76005F5D54 /* Release */,
			);
			defaultConfigurationIsVisible = 0;
			defaultConfigurationName = Release;
		};
		07FA3E0622FEBE76005F5D54 /* Build configuration list for PBXNativeTarget "collends" */ = {
			isa = XCConfigurationList;
			buildConfigurations = (
				07FA3E0722FEBE76005F5D54 /* Debug */,
				07FA3E0822FEBE76005F5D54 /* Release */,
			);
			defaultConfigurationIsVisible = 0;
			defaultConfigurationName = Release;
		};
		07FA3E0922FEBE76005F5D54 /* Build configuration list for PBXNativeTarget "collendsTests" */ = {
			isa = XCConfigurationList;
			buildConfigurations = (
				07FA3E0A22FEBE76005F5D54 /* Debug */,
				07FA3E0B22FEBE76005F5D54 /* Release */,
			);
			defaultConfigurationIsVisible = 0;
			defaultConfigurationName = Release;
		};
		07FA3E0C22FEBE76005F5D54 /* Build configuration list for PBXNativeTarget "collendsUITests" */ = {
			isa = XCConfigurationList;
			buildConfigurations = (
				07FA3E0D22FEBE76005F5D54 /* Debug */,
				07FA3E0E22FEBE76005F5D54 /* Release */,
			);
			defaultConfigurationIsVisible = 0;
			defaultConfigurationName = Release;
		};
/* End XCConfigurationList section */
	};
	rootObject = 07FA3DD622FEBE75005F5D54 /* Project object */;
}
